github.com/ohler55/ojg v1.26.10 h1:qXq8A0AjzwvO+rKJWv9apNVWxyu3He8lgGZZ+AoEdLA=
github.com/ohler55/ojg v1.26.10/go.mod h1:/Y5dGWkekv9ocnUixuETqiL58f+5pAsUfg5P8e7Pa2o=
github.com/uhn/ggql v1.2.14 h1:ymFvAWwkmv/ZYwG42hy7oQKBjlxvIB8O2O1ph/ysJIA=
github.com/uhn/ggql v1.2.14/go.mod h1:UYEZ2yENqwPJv1uGUR53d/61RGYzGMe6NxkQuL3aluM=
golang.org/x/sys v0.35.0 h1:vz1N37gP5bs89s7He8XuIYXpyY0+QlsKmzipCbUtyxI=
golang.org/x/sys v0.35.0/go.mod h1:BJP2sWEmIv4KK5OTEluFJCKSidICx8ciO85XgH3Ak8k=
golang.org/x/term v0.34.0 h1:O/2T7POpk0ZZ7MAzMeWFSg6S5IpWd/RXDlM9hgM3DR4=
golang.org/x/term v0.34.0/go.mod h1:5jC53AEywhIVebHgPVeg0mj8OD3VO9OzclacVrqpaAw=
golang.org/x/text v0.28.0 h1:rhazDwis8INMIwQ4tpjLDzUhx6RlXqZNPEM0huQojng=
golang.org/x/text v0.28.0/go.mod h1:U8nCwOR8jO/marOQ0QbDiOngZVEBB7MAiitBuMjXiNU=
