github.com/ohler55/ojg v1.18.5 h1:tzn5LJtkSyXowCo8SlGieU0zEc7WF4143Ri9MYlQy7Q=
github.com/ohler55/ojg v1.18.5/go.mod h1:uHcD1ErbErC27Zhb5Df2jUjbseLLcmOCo6oxSr3jZxo=
github.com/uhn/ggql v1.2.14 h1:ymFvAWwkmv/ZYwG42hy7oQKBjlxvIB8O2O1ph/ysJIA=
github.com/uhn/ggql v1.2.14/go.mod h1:UYEZ2yENqwPJv1uGUR53d/61RGYzGMe6NxkQuL3aluM=
golang.org/x/text v0.4.0 h1:BrVqGRd7+k1DiOgtnFvAkoQEWQvBc25ouMJM6429SFg=
golang.org/x/text v0.4.0/go.mod h1:mrYo+phRRbMaCq/xk9113O4dZlRixOauAjOtrjsXDZ8=
