github.com/ohler55/ojg v1.18.5 h1:tzn5LJtkSyXowCo8SlGieU0zEc7WF4143Ri9MYlQy7Q=
github.com/ohler55/ojg v1.18.5/go.mod h1:uHcD1ErbErC27Zhb5Df2jUjbseLLcmOCo6oxSr3jZxo=
golang.org/x/text v0.4.0 h1:BrVqGRd7+k1DiOgtnFvAkoQEWQvBc25ouMJM6429SFg=
golang.org/x/text v0.4.0/go.mod h1:mrYo+phRRbMaCq/xk9113O4dZlRixOauAjOtrjsXDZ8=
